
Microsoft Visual Studio Solution File, Format Version 12.00
# Visual Studio Version 16
VisualStudioVersion = 16.0.30804.86
MinimumVisualStudioVersion = 10.0.40219.1
Project("{888888A0-9F3D-457C-B088-3A5042F75D52}") = "minesweep", "minesweep.pyproj", "{45B047E5-8794-4F30-92CB-E8C0C550F226}"
EndProject
Global
	GlobalSection(SolutionConfigurationPlatforms) = preSolution
		Debug|Any CPU = Debug|Any CPU
		Release|Any CPU = Release|Any CPU
	EndGlobalSection
	GlobalSection(ProjectConfigurationPlatforms) = postSolution
		{45B047E5-8794-4F30-92CB-E8C0C550F226}.Debug|Any CPU.ActiveCfg = Debug|Any CPU
		{45B047E5-8794-4F30-92CB-E8C0C550F226}.Release|Any CPU.ActiveCfg = Release|Any CPU
	EndGlobalSection
	GlobalSection(SolutionProperties) = preSolution
		HideSolutionNode = FALSE
	EndGlobalSection
	GlobalSection(ExtensibilityGlobals) = postSolution
		SolutionGuid = {2F3B1CDB-035F-437E-AB08-52618FDBE0B7}
	EndGlobalSection
EndGlobal
